
Microsoft Visual Studio Solution File, Format Version 12.00
# Visual Studio Version 16
VisualStudioVersion = 16.0.31624.102
MinimumVisualStudioVersion = 10.0.40219.1
Project("{FAE04EC0-301F-11D3-BF4B-00C04F79EFBC}") = "BST", "BST\BST.csproj", "{B691A77B-95A7-48EE-8DA0-86348378C7B3}"
EndProject
Global
	GlobalSection(SolutionConfigurationPlatforms) = preSolution
		Debug|Any CPU = Debug|Any CPU
		Release|Any CPU = Release|Any CPU
	EndGlobalSection
	GlobalSection(ProjectConfigurationPlatforms) = postSolution
		{B691A77B-95A7-48EE-8DA0-86348378C7B3}.Debug|Any CPU.ActiveCfg = Debug|Any CPU
		{B691A77B-95A7-48EE-8DA0-86348378C7B3}.Debug|Any CPU.Build.0 = Debug|Any CPU
		{B691A77B-95A7-48EE-8DA0-86348378C7B3}.Release|Any CPU.ActiveCfg = Release|Any CPU
		{B691A77B-95A7-48EE-8DA0-86348378C7B3}.Release|Any CPU.Build.0 = Release|Any CPU
	EndGlobalSection
	GlobalSection(SolutionProperties) = preSolution
		HideSolutionNode = FALSE
	EndGlobalSection
	GlobalSection(ExtensibilityGlobals) = postSolution
		SolutionGuid = {86F291A4-10D0-4EEE-B83E-FB75A47D8B4D}
	EndGlobalSection
EndGlobal
